
Microsoft Visual Studio Solution File, Format Version 12.00
# Visual Studio Version 17
VisualStudioVersion = 17.1.32407.343
MinimumVisualStudioVersion = 10.0.40219.1
Project("{FAE04EC0-301F-11D3-BF4B-00C04F79EFBC}") = "DesktopCalculator", "DesktopCalculator\DesktopCalculator.csproj", "{4DE949A1-BB6A-4BDC-9B5F-11B9ED1E3AC4}"
EndProject
Global
	GlobalSection(SolutionConfigurationPlatforms) = preSolution
		Debug|Any CPU = Debug|Any CPU
		Release|Any CPU = Release|Any CPU
	EndGlobalSection
	GlobalSection(ProjectConfigurationPlatforms) = postSolution
		{4DE949A1-BB6A-4BDC-9B5F-11B9ED1E3AC4}.Debug|Any CPU.ActiveCfg = Debug|Any CPU
		{4DE949A1-BB6A-4BDC-9B5F-11B9ED1E3AC4}.Debug|Any CPU.Build.0 = Debug|Any CPU
		{4DE949A1-BB6A-4BDC-9B5F-11B9ED1E3AC4}.Release|Any CPU.ActiveCfg = Release|Any CPU
		{4DE949A1-BB6A-4BDC-9B5F-11B9ED1E3AC4}.Release|Any CPU.Build.0 = Release|Any CPU
	EndGlobalSection
	GlobalSection(SolutionProperties) = preSolution
		HideSolutionNode = FALSE
	EndGlobalSection
	GlobalSection(ExtensibilityGlobals) = postSolution
		SolutionGuid = {7061C9E6-CAB5-44F2-ABBC-F7031BE43635}
	EndGlobalSection
EndGlobal
